Microsoft Visual Studio Solution File, Format Version 12.00
# Visual Studio Version 16
VisualStudioVersion = 16.0.0.0
MinimumVisualStudioVersion = 16.0.0.0
Project("{9A19103F-16F7-4668-BE54-9A1E7A4F7556}") = "BlazorXp.Server", "Server\BlazorXp.Server.csproj", "{D386529C-0C64-4A03-BE5B-4ACA6B80F20E}"
EndProject
Project("{9A19103F-16F7-4668-BE54-9A1E7A4F7556}") = "BlazorXp.Client", "Client\BlazorXp.Client.csproj", "{D36EE3DD-9BEE-495F-A11C-0BDE089F4330}"
EndProject
Project("{9A19103F-16F7-4668-BE54-9A1E7A4F7556}") = "BlazorXp.Shared", "Shared\BlazorXp.Shared.csproj", "{C7A6FD56-7753-4003-9E5D-8235AA7E8242}"
EndProject
Global
	GlobalSection(SolutionConfigurationPlatforms) = preSolution
		Debug|Any CPU = Debug|Any CPU
		Debug|x64 = Debug|x64
		Debug|x86 = Debug|x86
		Release|Any CPU = Release|Any CPU
		Release|x64 = Release|x64
		Release|x86 = Release|x86
	EndGlobalSection
	GlobalSection(ProjectConfigurationPlatforms) = postSolution
		{D36EE3DD-9BEE-495F-A11C-0BDE089F4330}.Debug|Any CPU.ActiveCfg = Debug|Any CPU
		{D36EE3DD-9BEE-495F-A11C-0BDE089F4330}.Debug|Any CPU.Build.0 = Debug|Any CPU
		{D36EE3DD-9BEE-495F-A11C-0BDE089F4330}.Debug|x64.ActiveCfg = Debug|Any CPU
		{D36EE3DD-9BEE-495F-A11C-0BDE089F4330}.Debug|x64.Build.0 = Debug|Any CPU
		{D36EE3DD-9BEE-495F-A11C-0BDE089F4330}.Debug|x86.ActiveCfg = Debug|Any CPU
		{D36EE3DD-9BEE-495F-A11C-0BDE089F4330}.Debug|x86.Build.0 = Debug|Any CPU
		{D36EE3DD-9BEE-495F-A11C-0BDE089F4330}.Release|Any CPU.ActiveCfg = Release|Any CPU
		{D36EE3DD-9BEE-495F-A11C-0BDE089F4330}.Release|Any CPU.Build.0 = Release|Any CPU
		{D36EE3DD-9BEE-495F-A11C-0BDE089F4330}.Release|x64.ActiveCfg = Release|Any CPU
		{D36EE3DD-9BEE-495F-A11C-0BDE089F4330}.Release|x64.Build.0 = Release|Any CPU
		{D36EE3DD-9BEE-495F-A11C-0BDE089F4330}.Release|x86.ActiveCfg = Release|Any CPU
		{D36EE3DD-9BEE-495F-A11C-0BDE089F4330}.Release|x86.Build.0 = Release|Any CPU
		{D386529C-0C64-4A03-BE5B-4ACA6B80F20E}.Debug|Any CPU.ActiveCfg = Debug|Any CPU
		{D386529C-0C64-4A03-BE5B-4ACA6B80F20E}.Debug|Any CPU.Build.0 = Debug|Any CPU
		{D386529C-0C64-4A03-BE5B-4ACA6B80F20E}.Debug|x64.ActiveCfg = Debug|Any CPU
		{D386529C-0C64-4A03-BE5B-4ACA6B80F20E}.Debug|x64.Build.0 = Debug|Any CPU
		{D386529C-0C64-4A03-BE5B-4ACA6B80F20E}.Debug|x86.ActiveCfg = Debug|Any CPU
		{D386529C-0C64-4A03-BE5B-4ACA6B80F20E}.Debug|x86.Build.0 = Debug|Any CPU
		{D386529C-0C64-4A03-BE5B-4ACA6B80F20E}.Release|Any CPU.ActiveCfg = Release|Any CPU
		{D386529C-0C64-4A03-BE5B-4ACA6B80F20E}.Release|Any CPU.Build.0 = Release|Any CPU
		{D386529C-0C64-4A03-BE5B-4ACA6B80F20E}.Release|x64.ActiveCfg = Release|Any CPU
		{D386529C-0C64-4A03-BE5B-4ACA6B80F20E}.Release|x64.Build.0 = Release|Any CPU
		{D386529C-0C64-4A03-BE5B-4ACA6B80F20E}.Release|x86.ActiveCfg = Release|Any CPU
		{D386529C-0C64-4A03-BE5B-4ACA6B80F20E}.Release|x86.Build.0 = Release|Any CPU
		{C7A6FD56-7753-4003-9E5D-8235AA7E8242}.Debug|Any CPU.ActiveCfg = Debug|Any CPU
		{C7A6FD56-7753-4003-9E5D-8235AA7E8242}.Debug|Any CPU.Build.0 = Debug|Any CPU
		{C7A6FD56-7753-4003-9E5D-8235AA7E8242}.Debug|x64.ActiveCfg = Debug|Any CPU
		{C7A6FD56-7753-4003-9E5D-8235AA7E8242}.Debug|x64.Build.0 = Debug|Any CPU
		{C7A6FD56-7753-4003-9E5D-8235AA7E8242}.Debug|x86.ActiveCfg = Debug|Any CPU
		{C7A6FD56-7753-4003-9E5D-8235AA7E8242}.Debug|x86.Build.0 = Debug|Any CPU
		{C7A6FD56-7753-4003-9E5D-8235AA7E8242}.Release|Any CPU.ActiveCfg = Release|Any CPU
		{C7A6FD56-7753-4003-9E5D-8235AA7E8242}.Release|Any CPU.Build.0 = Release|Any CPU
		{C7A6FD56-7753-4003-9E5D-8235AA7E8242}.Release|x64.ActiveCfg = Release|Any CPU
		{C7A6FD56-7753-4003-9E5D-8235AA7E8242}.Release|x64.Build.0 = Release|Any CPU
		{C7A6FD56-7753-4003-9E5D-8235AA7E8242}.Release|x86.ActiveCfg = Release|Any CPU
		{C7A6FD56-7753-4003-9E5D-8235AA7E8242}.Release|x86.Build.0 = Release|Any CPU
	EndGlobalSection
	GlobalSection(SolutionProperties) = preSolution
		HideSolutionNode = FALSE
	EndGlobalSection
	GlobalSection(ExtensibilityGlobals) = postSolution
		SolutionGuid = {CDC1643B-AB13-4045-B095-3C1BFBD3A431}
	EndGlobalSection
EndGlobal